// !$*UTF8*$!
{
	archiveVersion = 1;
	classes = {
	};
	objectVersion = 55;
	objects = {

/* Begin PBXBuildFile section */
		033C52F8A66450F9BCB84DC5 /* Pods_TwitterCloneApp.framework in Frameworks */ = {isa = PBXBuildFile; fileRef = CE025524B68A90F0E9883ED8 /* Pods_TwitterCloneApp.framework */; };
		99306AC7286C37EB00D7ACA4 /* AppDelegate.swift in Sources */ = {isa = PBXBuildFile; fileRef = 99306AC6286C37EB00D7ACA4 /* AppDelegate.swift */; };
		99306AC9286C37EB00D7ACA4 /* SceneDelegate.swift in Sources */ = {isa = PBXBuildFile; fileRef = 99306AC8286C37EB00D7ACA4 /* SceneDelegate.swift */; };
		99306AD0286C37ED00D7ACA4 /* Assets.xcassets in Resources */ = {isa = PBXBuildFile; fileRef = 99306ACF286C37ED00D7ACA4 /* Assets.xcassets */; };
		99306AD3286C37ED00D7ACA4 /* LaunchScreen.storyboard in Resources */ = {isa = PBXBuildFile; fileRef = 99306AD1286C37ED00D7ACA4 /* LaunchScreen.storyboard */; };
		99306AE5286C3B0000D7ACA4 /* MainTabBarController.swift in Sources */ = {isa = PBXBuildFile; fileRef = 99306AE4286C3B0000D7ACA4 /* MainTabBarController.swift */; };
		99306AE7286C3DE400D7ACA4 /* FeedController.swift in Sources */ = {isa = PBXBuildFile; fileRef = 99306AE6286C3DE400D7ACA4 /* FeedController.swift */; };
		99306AE9286C3E7700D7ACA4 /* ExploreController.swift in Sources */ = {isa = PBXBuildFile; fileRef = 99306AE8286C3E7700D7ACA4 /* ExploreController.swift */; };
		99306AEB286C3EA000D7ACA4 /* NotificationController.swift in Sources */ = {isa = PBXBuildFile; fileRef = 99306AEA286C3EA000D7ACA4 /* NotificationController.swift */; };
		99306AEF286C3EE800D7ACA4 /* ConversationController.swift in Sources */ = {isa = PBXBuildFile; fileRef = 99306AEE286C3EE800D7ACA4 /* ConversationController.swift */; };
		99306AF1286C4FBE00D7ACA4 /* Extensions.swift in Sources */ = {isa = PBXBuildFile; fileRef = 99306AF0286C4FBE00D7ACA4 /* Extensions.swift */; };
		99306AF9286C5FB100D7ACA4 /* LoginController.swift in Sources */ = {isa = PBXBuildFile; fileRef = 99306AF8286C5FB100D7ACA4 /* LoginController.swift */; };
		99306AFB286C5FC300D7ACA4 /* RegistrationController.swift in Sources */ = {isa = PBXBuildFile; fileRef = 99306AFA286C5FC300D7ACA4 /* RegistrationController.swift */; };
		99306AFD286C6B3900D7ACA4 /* Utilities.swift in Sources */ = {isa = PBXBuildFile; fileRef = 99306AFC286C6B3900D7ACA4 /* Utilities.swift */; };
		9934E6BC286DCC8F003CB237 /* Constants.swift in Sources */ = {isa = PBXBuildFile; fileRef = 9934E6BB286DCC8F003CB237 /* Constants.swift */; };
		9934E6BE286DDA26003CB237 /* AuthService.swift in Sources */ = {isa = PBXBuildFile; fileRef = 9934E6BD286DDA26003CB237 /* AuthService.swift */; };
		995B8C0A28721CB700164ED4 /* UserService.swift in Sources */ = {isa = PBXBuildFile; fileRef = 995B8C0928721CB700164ED4 /* UserService.swift */; };
		995B8C0C287222CA00164ED4 /* User.swift in Sources */ = {isa = PBXBuildFile; fileRef = 995B8C0B287222CA00164ED4 /* User.swift */; };
		99873453288600EA00572114 /* ProfileHeader.swift in Sources */ = {isa = PBXBuildFile; fileRef = 99873452288600EA00572114 /* ProfileHeader.swift */; };
		99BE1923286DB4920083A9F5 /* GoogleService-Info.plist in Resources */ = {isa = PBXBuildFile; fileRef = 99BE1922286DB4920083A9F5 /* GoogleService-Info.plist */; };
		99C828B92885F6CF00ADF5AE /* ProfileController.swift in Sources */ = {isa = PBXBuildFile; fileRef = 99C828B82885F6CF00ADF5AE /* ProfileController.swift */; };
		99C8C895288FFCAF0037B900 /* ProfileFilterView.swift in Sources */ = {isa = PBXBuildFile; fileRef = 99C8C894288FFCAF0037B900 /* ProfileFilterView.swift */; };
		99C8C897288FFEA00037B900 /* ProfileFilterCell.swift in Sources */ = {isa = PBXBuildFile; fileRef = 99C8C896288FFEA00037B900 /* ProfileFilterCell.swift */; };
		99C8C89928900D600037B900 /* ProfileHeaderViewModel.swift in Sources */ = {isa = PBXBuildFile; fileRef = 99C8C89828900D600037B900 /* ProfileHeaderViewModel.swift */; };
		99CC4DC3287B5395002CFCAC /* TweetViewModel.swift in Sources */ = {isa = PBXBuildFile; fileRef = 99CC4DC2287B5395002CFCAC /* TweetViewModel.swift */; };
		99CF29252874D36800EF6EA5 /* UploadTweetController.swift in Sources */ = {isa = PBXBuildFile; fileRef = 99CF29242874D36800EF6EA5 /* UploadTweetController.swift */; };
		99CF29472876001900EF6EA5 /* CaptionTextView.swift in Sources */ = {isa = PBXBuildFile; fileRef = 99CF29462876001900EF6EA5 /* CaptionTextView.swift */; };
		99CF2949287609BA00EF6EA5 /* TweetService.swift in Sources */ = {isa = PBXBuildFile; fileRef = 99CF2948287609BA00EF6EA5 /* TweetService.swift */; };
		99F698EB2877604E000C4BA8 /* Tweet.swift in Sources */ = {isa = PBXBuildFile; fileRef = 99F698EA2877604E000C4BA8 /* Tweet.swift */; };
		99F698ED28776A40000C4BA8 /* TweetCell.swift in Sources */ = {isa = PBXBuildFile; fileRef = 99F698EC28776A40000C4BA8 /* TweetCell.swift */; };
		99FB59EE289578EA00DC1F0B /* UserCell.swift in Sources */ = {isa = PBXBuildFile; fileRef = 99FB59ED289578EA00DC1F0B /* UserCell.swift */; };
/* End PBXBuildFile section */

/* Begin PBXFileReference section */
		4019F29E5192E27FDFA144B3 /* Pods-TwitterCloneApp.debug.xcconfig */ = {isa = PBXFileReference; includeInIndex = 1; lastKnownFileType = text.xcconfig; name = "Pods-TwitterCloneApp.debug.xcconfig"; path = "Target Support Files/Pods-TwitterCloneApp/Pods-TwitterCloneApp.debug.xcconfig"; sourceTree = "<group>"; };
		7C033B3F57D716E01836EBE4 /* Pods-TwitterCloneApp.release.xcconfig */ = {isa = PBXFileReference; includeInIndex = 1; lastKnownFileType = text.xcconfig; name = "Pods-TwitterCloneApp.release.xcconfig"; path = "Target Support Files/Pods-TwitterCloneApp/Pods-TwitterCloneApp.release.xcconfig"; sourceTree = "<group>"; };
		99306AC3286C37EB00D7ACA4 /* TwitterCloneApp.app */ = {isa = PBXFileReference; explicitFileType = wrapper.application; includeInIndex = 0; path = TwitterCloneApp.app; sourceTree = BUILT_PRODUCTS_DIR; };
		99306AC6286C37EB00D7ACA4 /* AppDelegate.swift */ = {isa = PBXFileReference; lastKnownFileType = sourcecode.swift; path = AppDelegate.swift; sourceTree = "<group>"; };
		99306AC8286C37EB00D7ACA4 /* SceneDelegate.swift */ = {isa = PBXFileReference; lastKnownFileType = sourcecode.swift; path = SceneDelegate.swift; sourceTree = "<group>"; };
		99306ACF286C37ED00D7ACA4 /* Assets.xcassets */ = {isa = PBXFileReference; lastKnownFileType = folder.assetcatalog; path = Assets.xcassets; sourceTree = "<group>"; };
		99306AD2286C37ED00D7ACA4 /* Base */ = {isa = PBXFileReference; lastKnownFileType = file.storyboard; name = Base; path = Base.lproj/LaunchScreen.storyboard; sourceTree = "<group>"; };
		99306AD4286C37ED00D7ACA4 /* Info.plist */ = {isa = PBXFileReference; lastKnownFileType = text.plist.xml; path = Info.plist; sourceTree = "<group>"; };
		99306AE4286C3B0000D7ACA4 /* MainTabBarController.swift */ = {isa = PBXFileReference; lastKnownFileType = sourcecode.swift; path = MainTabBarController.swift; sourceTree = "<group>"; };
		99306AE6286C3DE400D7ACA4 /* FeedController.swift */ = {isa = PBXFileReference; lastKnownFileType = sourcecode.swift; path = FeedController.swift; sourceTree = "<group>"; };
		99306AE8286C3E7700D7ACA4 /* ExploreController.swift */ = {isa = PBXFileReference; lastKnownFileType = sourcecode.swift; path = ExploreController.swift; sourceTree = "<group>"; };
		99306AEA286C3EA000D7ACA4 /* NotificationController.swift */ = {isa = PBXFileReference; lastKnownFileType = sourcecode.swift; path = NotificationController.swift; sourceTree = "<group>"; };
		99306AEE286C3EE800D7ACA4 /* ConversationController.swift */ = {isa = PBXFileReference; lastKnownFileType = sourcecode.swift; path = ConversationController.swift; sourceTree = "<group>"; };
		99306AF0286C4FBE00D7ACA4 /* Extensions.swift */ = {isa = PBXFileReference; lastKnownFileType = sourcecode.swift; path = Extensions.swift; sourceTree = "<group>"; };
		99306AF8286C5FB100D7ACA4 /* LoginController.swift */ = {isa = PBXFileReference; lastKnownFileType = sourcecode.swift; path = LoginController.swift; sourceTree = "<group>"; };
		99306AFA286C5FC300D7ACA4 /* RegistrationController.swift */ = {isa = PBXFileReference; lastKnownFileType = sourcecode.swift; path = RegistrationController.swift; sourceTree = "<group>"; };
		99306AFC286C6B3900D7ACA4 /* Utilities.swift */ = {isa = PBXFileReference; lastKnownFileType = sourcecode.swift; path = Utilities.swift; sourceTree = "<group>"; };
		9934E6BB286DCC8F003CB237 /* Constants.swift */ = {isa = PBXFileReference; lastKnownFileType = sourcecode.swift; path = Constants.swift; sourceTree = "<group>"; };
		9934E6BD286DDA26003CB237 /* AuthService.swift */ = {isa = PBXFileReference; lastKnownFileType = sourcecode.swift; path = AuthService.swift; sourceTree = "<group>"; };
		995B8C0928721CB700164ED4 /* UserService.swift */ = {isa = PBXFileReference; lastKnownFileType = sourcecode.swift; path = UserService.swift; sourceTree = "<group>"; };
		995B8C0B287222CA00164ED4 /* User.swift */ = {isa = PBXFileReference; lastKnownFileType = sourcecode.swift; path = User.swift; sourceTree = "<group>"; };
		99873452288600EA00572114 /* ProfileHeader.swift */ = {isa = PBXFileReference; lastKnownFileType = sourcecode.swift; path = ProfileHeader.swift; sourceTree = "<group>"; };
		99BE1922286DB4920083A9F5 /* GoogleService-Info.plist */ = {isa = PBXFileReference; lastKnownFileType = text.plist.xml; name = "GoogleService-Info.plist"; path = "TwitterCloneApp/Resources/GoogleService-Info.plist"; sourceTree = SOURCE_ROOT; };
		99C828B82885F6CF00ADF5AE /* ProfileController.swift */ = {isa = PBXFileReference; lastKnownFileType = sourcecode.swift; path = ProfileController.swift; sourceTree = "<group>"; };
		99C8C894288FFCAF0037B900 /* ProfileFilterView.swift */ = {isa = PBXFileReference; lastKnownFileType = sourcecode.swift; path = ProfileFilterView.swift; sourceTree = "<group>"; };
		99C8C896288FFEA00037B900 /* ProfileFilterCell.swift */ = {isa = PBXFileReference; lastKnownFileType = sourcecode.swift; path = ProfileFilterCell.swift; sourceTree = "<group>"; };
		99C8C89828900D600037B900 /* ProfileHeaderViewModel.swift */ = {isa = PBXFileReference; lastKnownFileType = sourcecode.swift; path = ProfileHeaderViewModel.swift; sourceTree = "<group>"; };
		99CC4DC2287B5395002CFCAC /* TweetViewModel.swift */ = {isa = PBXFileReference; lastKnownFileType = sourcecode.swift; path = TweetViewModel.swift; sourceTree = "<group>"; };
		99CF29242874D36800EF6EA5 /* UploadTweetController.swift */ = {isa = PBXFileReference; lastKnownFileType = sourcecode.swift; path = UploadTweetController.swift; sourceTree = "<group>"; };
		99CF29462876001900EF6EA5 /* CaptionTextView.swift */ = {isa = PBXFileReference; lastKnownFileType = sourcecode.swift; path = CaptionTextView.swift; sourceTree = "<group>"; };
		99CF2948287609BA00EF6EA5 /* TweetService.swift */ = {isa = PBXFileReference; lastKnownFileType = sourcecode.swift; path = TweetService.swift; sourceTree = "<group>"; };
		99F698EA2877604E000C4BA8 /* Tweet.swift */ = {isa = PBXFileReference; lastKnownFileType = sourcecode.swift; path = Tweet.swift; sourceTree = "<group>"; };
		99F698EC28776A40000C4BA8 /* TweetCell.swift */ = {isa = PBXFileReference; lastKnownFileType = sourcecode.swift; path = TweetCell.swift; sourceTree = "<group>"; };
		99FB59ED289578EA00DC1F0B /* UserCell.swift */ = {isa = PBXFileReference; lastKnownFileType = sourcecode.swift; path = UserCell.swift; sourceTree = "<group>"; };
		CE025524B68A90F0E9883ED8 /* Pods_TwitterCloneApp.framework */ = {isa = PBXFileReference; explicitFileType = wrapper.framework; includeInIndex = 0; path = Pods_TwitterCloneApp.framework; sourceTree = BUILT_PRODUCTS_DIR; };
/* End PBXFileReference section */

/* Begin PBXFrameworksBuildPhase section */
		99306AC0286C37EB00D7ACA4 /* Frameworks */ = {
			isa = PBXFrameworksBuildPhase;
			buildActionMask = 2147483647;
			files = (
				033C52F8A66450F9BCB84DC5 /* Pods_TwitterCloneApp.framework in Frameworks */,
			);
			runOnlyForDeploymentPostprocessing = 0;
		};
/* End PBXFrameworksBuildPhase section */

/* Begin PBXGroup section */
		34FBEDF62B607D4171119204 /* Pods */ = {
			isa = PBXGroup;
			children = (
				4019F29E5192E27FDFA144B3 /* Pods-TwitterCloneApp.debug.xcconfig */,
				7C033B3F57D716E01836EBE4 /* Pods-TwitterCloneApp.release.xcconfig */,
			);
			path = Pods;
			sourceTree = "<group>";
		};
		61BA6AD438045089590F36DD /* Frameworks */ = {
			isa = PBXGroup;
			children = (
				CE025524B68A90F0E9883ED8 /* Pods_TwitterCloneApp.framework */,
			);
			name = Frameworks;
			sourceTree = "<group>";
		};
		99306ABA286C37EB00D7ACA4 = {
			isa = PBXGroup;
			children = (
				99306AC5286C37EB00D7ACA4 /* TwitterCloneApp */,
				99306AC4286C37EB00D7ACA4 /* Products */,
				34FBEDF62B607D4171119204 /* Pods */,
				61BA6AD438045089590F36DD /* Frameworks */,
			);
			sourceTree = "<group>";
		};
		99306AC4286C37EB00D7ACA4 /* Products */ = {
			isa = PBXGroup;
			children = (
				99306AC3286C37EB00D7ACA4 /* TwitterCloneApp.app */,
			);
			name = Products;
			sourceTree = "<group>";
		};
		99306AC5286C37EB00D7ACA4 /* TwitterCloneApp */ = {
			isa = PBXGroup;
			children = (
				99306AE2286C396B00D7ACA4 /* Model */,
				99306AE1286C396800D7ACA4 /* View */,
				99306AE0286C396700D7ACA4 /* ViewModel */,
				99306ADF286C396600D7ACA4 /* Controllers */,
				99306ADE286C396500D7ACA4 /* API */,
				99306AE3286C39AC00D7ACA4 /* Utilis */,
				99C828B62885F22000ADF5AE /* Application */,
				99C828B72885F25C00ADF5AE /* Resources */,
			);
			path = TwitterCloneApp;
			sourceTree = "<group>";
		};
		99306ADE286C396500D7ACA4 /* API */ = {
			isa = PBXGroup;
			children = (
				9934E6BD286DDA26003CB237 /* AuthService.swift */,
				995B8C0928721CB700164ED4 /* UserService.swift */,
				99CF2948287609BA00EF6EA5 /* TweetService.swift */,
			);
			path = API;
			sourceTree = "<group>";
		};
		99306ADF286C396600D7ACA4 /* Controllers */ = {
			isa = PBXGroup;
			children = (
				99306AF7286C5F9500D7ACA4 /* Authentication */,
				99306AE4286C3B0000D7ACA4 /* MainTabBarController.swift */,
				99306AE6286C3DE400D7ACA4 /* FeedController.swift */,
				99306AE8286C3E7700D7ACA4 /* ExploreController.swift */,
				99306AEA286C3EA000D7ACA4 /* NotificationController.swift */,
				99306AEE286C3EE800D7ACA4 /* ConversationController.swift */,
				99CF29242874D36800EF6EA5 /* UploadTweetController.swift */,
				99C828B82885F6CF00ADF5AE /* ProfileController.swift */,
			);
			path = Controllers;
			sourceTree = "<group>";
		};
		99306AE0286C396700D7ACA4 /* ViewModel */ = {
			isa = PBXGroup;
			children = (
				99CC4DC2287B5395002CFCAC /* TweetViewModel.swift */,
				99C8C89828900D600037B900 /* ProfileHeaderViewModel.swift */,
			);
			path = ViewModel;
			sourceTree = "<group>";
		};
		99306AE1286C396800D7ACA4 /* View */ = {
			isa = PBXGroup;
			children = (
				99CF29462876001900EF6EA5 /* CaptionTextView.swift */,
				99F698EC28776A40000C4BA8 /* TweetCell.swift */,
				99873452288600EA00572114 /* ProfileHeader.swift */,
				99C8C894288FFCAF0037B900 /* ProfileFilterView.swift */,
				99C8C896288FFEA00037B900 /* ProfileFilterCell.swift */,
				99FB59ED289578EA00DC1F0B /* UserCell.swift */,
			);
			path = View;
			sourceTree = "<group>";
		};
		99306AE2286C396B00D7ACA4 /* Model */ = {
			isa = PBXGroup;
			children = (
				995B8C0B287222CA00164ED4 /* User.swift */,
				99F698EA2877604E000C4BA8 /* Tweet.swift */,
			);
			path = Model;
			sourceTree = "<group>";
		};
		99306AE3286C39AC00D7ACA4 /* Utilis */ = {
			isa = PBXGroup;
			children = (
				99306AFC286C6B3900D7ACA4 /* Utilities.swift */,
				99306AF0286C4FBE00D7ACA4 /* Extensions.swift */,
				9934E6BB286DCC8F003CB237 /* Constants.swift */,
			);
			path = Utilis;
			sourceTree = "<group>";
		};
		99306AF7286C5F9500D7ACA4 /* Authentication */ = {
			isa = PBXGroup;
			children = (
				99306AF8286C5FB100D7ACA4 /* LoginController.swift */,
				99306AFA286C5FC300D7ACA4 /* RegistrationController.swift */,
			);
			path = Authentication;
			sourceTree = "<group>";
		};
		99C828B62885F22000ADF5AE /* Application */ = {
			isa = PBXGroup;
			children = (
				99306AC6286C37EB00D7ACA4 /* AppDelegate.swift */,
				99306AC8286C37EB00D7ACA4 /* SceneDelegate.swift */,
			);
			path = Application;
			sourceTree = "<group>";
		};
		99C828B72885F25C00ADF5AE /* Resources */ = {
			isa = PBXGroup;
			children = (
				99306ACF286C37ED00D7ACA4 /* Assets.xcassets */,
				99306AD1286C37ED00D7ACA4 /* LaunchScreen.storyboard */,
				99BE1922286DB4920083A9F5 /* GoogleService-Info.plist */,
				99306AD4286C37ED00D7ACA4 /* Info.plist */,
			);
			path = Resources;
			sourceTree = "<group>";
		};
/* End PBXGroup section */

/* Begin PBXNativeTarget section */
		99306AC2286C37EB00D7ACA4 /* TwitterCloneApp */ = {
			isa = PBXNativeTarget;
			buildConfigurationList = 99306AD7286C37ED00D7ACA4 /* Build configuration list for PBXNativeTarget "TwitterCloneApp" */;
			buildPhases = (
				CF81A77E1CC2A58D9023CBD8 /* [CP] Check Pods Manifest.lock */,
				99306ABF286C37EB00D7ACA4 /* Sources */,
				99306AC0286C37EB00D7ACA4 /* Frameworks */,
				99306AC1286C37EB00D7ACA4 /* Resources */,
				16096CAB8A1DF402B48785A7 /* [CP] Embed Pods Frameworks */,
			);
			buildRules = (
			);
			dependencies = (
			);
			name = TwitterCloneApp;
			productName = TwitterCloneApp;
			productReference = 99306AC3286C37EB00D7ACA4 /* TwitterCloneApp.app */;
			productType = "com.apple.product-type.application";
		};
/* End PBXNativeTarget section */

/* Begin PBXProject section */
		99306ABB286C37EB00D7ACA4 /* Project object */ = {
			isa = PBXProject;
			attributes = {
				BuildIndependentTargetsInParallel = 1;
				LastSwiftUpdateCheck = 1340;
				LastUpgradeCheck = 1340;
				TargetAttributes = {
					99306AC2286C37EB00D7ACA4 = {
						CreatedOnToolsVersion = 13.4.1;
					};
				};
			};
			buildConfigurationList = 99306ABE286C37EB00D7ACA4 /* Build configuration list for PBXProject "TwitterCloneApp" */;
			compatibilityVersion = "Xcode 13.0";
			developmentRegion = en;
			hasScannedForEncodings = 0;
			knownRegions = (
				en,
				Base,
			);
			mainGroup = 99306ABA286C37EB00D7ACA4;
			productRefGroup = 99306AC4286C37EB00D7ACA4 /* Products */;
			projectDirPath = "";
			projectRoot = "";
			targets = (
				99306AC2286C37EB00D7ACA4 /* TwitterCloneApp */,
			);
		};
/* End PBXProject section */

/* Begin PBXResourcesBuildPhase section */
		99306AC1286C37EB00D7ACA4 /* Resources */ = {
			isa = PBXResourcesBuildPhase;
			buildActionMask = 2147483647;
			files = (
				99306AD3286C37ED00D7ACA4 /* LaunchScreen.storyboard in Resources */,
				99BE1923286DB4920083A9F5 /* GoogleService-Info.plist in Resources */,
				99306AD0286C37ED00D7ACA4 /* Assets.xcassets in Resources */,
			);
			runOnlyForDeploymentPostprocessing = 0;
		};
/* End PBXResourcesBuildPhase section */

/* Begin PBXShellScriptBuildPhase section */
		16096CAB8A1DF402B48785A7 /* [CP] Embed Pods Frameworks */ = {
			isa = PBXShellScriptBuildPhase;
			buildActionMask = 2147483647;
			files = (
			);
			inputFileListPaths = (
				"${PODS_ROOT}/Target Support Files/Pods-TwitterCloneApp/Pods-TwitterCloneApp-frameworks-${CONFIGURATION}-input-files.xcfilelist",
			);
			name = "[CP] Embed Pods Frameworks";
			outputFileListPaths = (
				"${PODS_ROOT}/Target Support Files/Pods-TwitterCloneApp/Pods-TwitterCloneApp-frameworks-${CONFIGURATION}-output-files.xcfilelist",
			);
			runOnlyForDeploymentPostprocessing = 0;
			shellPath = /bin/sh;
			shellScript = "\"${PODS_ROOT}/Target Support Files/Pods-TwitterCloneApp/Pods-TwitterCloneApp-frameworks.sh\"\n";
			showEnvVarsInLog = 0;
		};
		CF81A77E1CC2A58D9023CBD8 /* [CP] Check Pods Manifest.lock */ = {
			isa = PBXShellScriptBuildPhase;
			buildActionMask = 2147483647;
			files = (
			);
			inputFileListPaths = (
			);
			inputPaths = (
				"${PODS_PODFILE_DIR_PATH}/Podfile.lock",
				"${PODS_ROOT}/Manifest.lock",
			);
			name = "[CP] Check Pods Manifest.lock";
			outputFileListPaths = (
			);
			outputPaths = (
				"$(DERIVED_FILE_DIR)/Pods-TwitterCloneApp-checkManifestLockResult.txt",
			);
			runOnlyForDeploymentPostprocessing = 0;
			shellPath = /bin/sh;
			shellScript = "diff \"${PODS_PODFILE_DIR_PATH}/Podfile.lock\" \"${PODS_ROOT}/Manifest.lock\" > /dev/null\nif [ $? != 0 ] ; then\n    # print error to STDERR\n    echo \"error: The sandbox is not in sync with the Podfile.lock. Run 'pod install' or update your CocoaPods installation.\" >&2\n    exit 1\nfi\n# This output is used by Xcode 'outputs' to avoid re-running this script phase.\necho \"SUCCESS\" > \"${SCRIPT_OUTPUT_FILE_0}\"\n";
			showEnvVarsInLog = 0;
		};
/* End PBXShellScriptBuildPhase section */

/* Begin PBXSourcesBuildPhase section */
		99306ABF286C37EB00D7ACA4 /* Sources */ = {
			isa = PBXSourcesBuildPhase;
			buildActionMask = 2147483647;
			files = (
				995B8C0A28721CB700164ED4 /* UserService.swift in Sources */,
				99306AEF286C3EE800D7ACA4 /* ConversationController.swift in Sources */,
				99CF29472876001900EF6EA5 /* CaptionTextView.swift in Sources */,
				99C8C897288FFEA00037B900 /* ProfileFilterCell.swift in Sources */,
				99306AC7286C37EB00D7ACA4 /* AppDelegate.swift in Sources */,
				99FB59EE289578EA00DC1F0B /* UserCell.swift in Sources */,
				99306AFD286C6B3900D7ACA4 /* Utilities.swift in Sources */,
				99306AC9286C37EB00D7ACA4 /* SceneDelegate.swift in Sources */,
				99306AF1286C4FBE00D7ACA4 /* Extensions.swift in Sources */,
				99C828B92885F6CF00ADF5AE /* ProfileController.swift in Sources */,
				99873453288600EA00572114 /* ProfileHeader.swift in Sources */,
				99F698ED28776A40000C4BA8 /* TweetCell.swift in Sources */,
				99306AF9286C5FB100D7ACA4 /* LoginController.swift in Sources */,
				9934E6BE286DDA26003CB237 /* AuthService.swift in Sources */,
				99C8C89928900D600037B900 /* ProfileHeaderViewModel.swift in Sources */,
				99CF29252874D36800EF6EA5 /* UploadTweetController.swift in Sources */,
				995B8C0C287222CA00164ED4 /* User.swift in Sources */,
				99306AEB286C3EA000D7ACA4 /* NotificationController.swift in Sources */,
				99306AE9286C3E7700D7ACA4 /* ExploreController.swift in Sources */,
				99306AE7286C3DE400D7ACA4 /* FeedController.swift in Sources */,
				99CC4DC3287B5395002CFCAC /* TweetViewModel.swift in Sources */,
				99306AFB286C5FC300D7ACA4 /* RegistrationController.swift in Sources */,
				99306AE5286C3B0000D7ACA4 /* MainTabBarController.swift in Sources */,
				9934E6BC286DCC8F003CB237 /* Constants.swift in Sources */,
				99F698EB2877604E000C4BA8 /* Tweet.swift in Sources */,
				99CF2949287609BA00EF6EA5 /* TweetService.swift in Sources */,
				99C8C895288FFCAF0037B900 /* ProfileFilterView.swift in Sources */,
			);
			runOnlyForDeploymentPostprocessing = 0;
		};
/* End PBXSourcesBuildPhase section */

/* Begin PBXVariantGroup section */
		99306AD1286C37ED00D7ACA4 /* LaunchScreen.storyboard */ = {
			isa = PBXVariantGroup;
			children = (
				99306AD2286C37ED00D7ACA4 /* Base */,
			);
			name = LaunchScreen.storyboard;
			sourceTree = "<group>";
		};
/* End PBXVariantGroup section */

/* Begin XCBuildConfiguration section */
		99306AD5286C37ED00D7ACA4 /* Debug */ = {
			isa = XCBuildConfiguration;
			buildSettings = {
				ALWAYS_SEARCH_USER_PATHS = NO;
				CLANG_ANALYZER_NONNULL = YES;
				CLANG_ANALYZER_NUMBER_OBJECT_CONVERSION = YES_AGGRESSIVE;
				CLANG_CXX_LANGUAGE_STANDARD = "gnu++17";
				CLANG_ENABLE_MODULES = YES;
				CLANG_ENABLE_OBJC_ARC = YES;
				CLANG_ENABLE_OBJC_WEAK = YES;
				CLANG_WARN_BLOCK_CAPTURE_AUTORELEASING = YES;
				CLANG_WARN_BOOL_CONVERSION = YES;
				CLANG_WARN_COMMA = YES;
				CLANG_WARN_CONSTANT_CONVERSION = YES;
				CLANG_WARN_DEPRECATED_OBJC_IMPLEMENTATIONS = YES;
				CLANG_WARN_DIRECT_OBJC_ISA_USAGE = YES_ERROR;
				CLANG_WARN_DOCUMENTATION_COMMENTS = YES;
				CLANG_WARN_EMPTY_BODY = YES;
				CLANG_WARN_ENUM_CONVERSION = YES;
				CLANG_WARN_INFINITE_RECURSION = YES;
				CLANG_WARN_INT_CONVERSION = YES;
				CLANG_WARN_NON_LITERAL_NULL_CONVERSION = YES;
				CLANG_WARN_OBJC_IMPLICIT_RETAIN_SELF = YES;
				CLANG_WARN_OBJC_LITERAL_CONVERSION = YES;
				CLANG_WARN_OBJC_ROOT_CLASS = YES_ERROR;
				CLANG_WARN_QUOTED_INCLUDE_IN_FRAMEWORK_HEADER = YES;
				CLANG_WARN_RANGE_LOOP_ANALYSIS = YES;
				CLANG_WARN_STRICT_PROTOTYPES = YES;
				CLANG_WARN_SUSPICIOUS_MOVE = YES;
				CLANG_WARN_UNGUARDED_AVAILABILITY = YES_AGGRESSIVE;
				CLANG_WARN_UNREACHABLE_CODE = YES;
				CLANG_WARN__DUPLICATE_METHOD_MATCH = YES;
				COPY_PHASE_STRIP = NO;
				DEBUG_INFORMATION_FORMAT = dwarf;
				ENABLE_STRICT_OBJC_MSGSEND = YES;
				ENABLE_TESTABILITY = YES;
				GCC_C_LANGUAGE_STANDARD = gnu11;
				GCC_DYNAMIC_NO_PIC = NO;
				GCC_NO_COMMON_BLOCKS = YES;
				GCC_OPTIMIZATION_LEVEL = 0;
				GCC_PREPROCESSOR_DEFINITIONS = (
					"DEBUG=1",
					"$(inherited)",
				);
				GCC_WARN_64_TO_32_BIT_CONVERSION = YES;
				GCC_WARN_ABOUT_RETURN_TYPE = YES_ERROR;
				GCC_WARN_UNDECLARED_SELECTOR = YES;
				GCC_WARN_UNINITIALIZED_AUTOS = YES_AGGRESSIVE;
				GCC_WARN_UNUSED_FUNCTION = YES;
				GCC_WARN_UNUSED_VARIABLE = YES;
				IPHONEOS_DEPLOYMENT_TARGET = 15.5;
				MTL_ENABLE_DEBUG_INFO = INCLUDE_SOURCE;
				MTL_FAST_MATH = YES;
				ONLY_ACTIVE_ARCH = YES;
				SDKROOT = iphoneos;
				SWIFT_ACTIVE_COMPILATION_CONDITIONS = DEBUG;
				SWIFT_OPTIMIZATION_LEVEL = "-Onone";
			};
			name = Debug;
		};
		99306AD6286C37ED00D7ACA4 /* Release */ = {
			isa = XCBuildConfiguration;
			buildSettings = {
				ALWAYS_SEARCH_USER_PATHS = NO;
				CLANG_ANALYZER_NONNULL = YES;
				CLANG_ANALYZER_NUMBER_OBJECT_CONVERSION = YES_AGGRESSIVE;
				CLANG_CXX_LANGUAGE_STANDARD = "gnu++17";
				CLANG_ENABLE_MODULES = YES;
				CLANG_ENABLE_OBJC_ARC = YES;
				CLANG_ENABLE_OBJC_WEAK = YES;
				CLANG_WARN_BLOCK_CAPTURE_AUTORELEASING = YES;
				CLANG_WARN_BOOL_CONVERSION = YES;
				CLANG_WARN_COMMA = YES;
				CLANG_WARN_CONSTANT_CONVERSION = YES;
				CLANG_WARN_DEPRECATED_OBJC_IMPLEMENTATIONS = YES;
				CLANG_WARN_DIRECT_OBJC_ISA_USAGE = YES_ERROR;
				CLANG_WARN_DOCUMENTATION_COMMENTS = YES;
				CLANG_WARN_EMPTY_BODY = YES;
				CLANG_WARN_ENUM_CONVERSION = YES;
				CLANG_WARN_INFINITE_RECURSION = YES;
				CLANG_WARN_INT_CONVERSION = YES;
				CLANG_WARN_NON_LITERAL_NULL_CONVERSION = YES;
				CLANG_WARN_OBJC_IMPLICIT_RETAIN_SELF = YES;
				CLANG_WARN_OBJC_LITERAL_CONVERSION = YES;
				CLANG_WARN_OBJC_ROOT_CLASS = YES_ERROR;
				CLANG_WARN_QUOTED_INCLUDE_IN_FRAMEWORK_HEADER = YES;
				CLANG_WARN_RANGE_LOOP_ANALYSIS = YES;
				CLANG_WARN_STRICT_PROTOTYPES = YES;
				CLANG_WARN_SUSPICIOUS_MOVE = YES;
				CLANG_WARN_UNGUARDED_AVAILABILITY = YES_AGGRESSIVE;
				CLANG_WARN_UNREACHABLE_CODE = YES;
				CLANG_WARN__DUPLICATE_METHOD_MATCH = YES;
				COPY_PHASE_STRIP = NO;
				DEBUG_INFORMATION_FORMAT = "dwarf-with-dsym";
				ENABLE_NS_ASSERTIONS = NO;
				ENABLE_STRICT_OBJC_MSGSEND = YES;
				GCC_C_LANGUAGE_STANDARD = gnu11;
				GCC_NO_COMMON_BLOCKS = YES;
				GCC_WARN_64_TO_32_BIT_CONVERSION = YES;
				GCC_WARN_ABOUT_RETURN_TYPE = YES_ERROR;
				GCC_WARN_UNDECLARED_SELECTOR = YES;
				GCC_WARN_UNINITIALIZED_AUTOS = YES_AGGRESSIVE;
				GCC_WARN_UNUSED_FUNCTION = YES;
				GCC_WARN_UNUSED_VARIABLE = YES;
				IPHONEOS_DEPLOYMENT_TARGET = 15.5;
				MTL_ENABLE_DEBUG_INFO = NO;
				MTL_FAST_MATH = YES;
				SDKROOT = iphoneos;
				SWIFT_COMPILATION_MODE = wholemodule;
				SWIFT_OPTIMIZATION_LEVEL = "-O";
				VALIDATE_PRODUCT = YES;
			};
			name = Release;
		};
		99306AD8286C37ED00D7ACA4 /* Debug */ = {
			isa = XCBuildConfiguration;
			baseConfigurationReference = 4019F29E5192E27FDFA144B3 /* Pods-TwitterCloneApp.debug.xcconfig */;
			buildSettings = {
				ASSETCATALOG_COMPILER_APPICON_NAME = AppIcon;
				ASSETCATALOG_COMPILER_GLOBAL_ACCENT_COLOR_NAME = AccentColor;
				CODE_SIGN_STYLE = Automatic;
				CURRENT_PROJECT_VERSION = 1;
				DEVELOPMENT_TEAM = ARQ22Y2Z2Z;
				GENERATE_INFOPLIST_FILE = YES;
				INFOPLIST_FILE = TwitterCloneApp/Resources/Info.plist;
				INFOPLIST_KEY_UIApplicationSupportsIndirectInputEvents = YES;
				INFOPLIST_KEY_UILaunchStoryboardName = LaunchScreen;
				INFOPLIST_KEY_UISupportedInterfaceOrientations_iPad = "UIInterfaceOrientationPortrait UIInterfaceOrientationPortraitUpsideDown UIInterfaceOrientationLandscapeLeft UIInterfaceOrientationLandscapeRight";
				INFOPLIST_KEY_UISupportedInterfaceOrientations_iPhone = "UIInterfaceOrientationPortrait UIInterfaceOrientationLandscapeLeft UIInterfaceOrientationLandscapeRight";
				LD_RUNPATH_SEARCH_PATHS = (
					"$(inherited)",
					"@executable_path/Frameworks",
				);
				MARKETING_VERSION = 1.0;
				PRODUCT_BUNDLE_IDENTIFIER = com.NamikNamazov.TwitterCloneApp;
				PRODUCT_NAME = "$(TARGET_NAME)";
				SWIFT_EMIT_LOC_STRINGS = YES;
				SWIFT_VERSION = 5.0;
				TARGETED_DEVICE_FAMILY = "1,2";
			};
			name = Debug;
		};
		99306AD9286C37ED00D7ACA4 /* Release */ = {
			isa = XCBuildConfiguration;
			baseConfigurationReference = 7C033B3F57D716E01836EBE4 /* Pods-TwitterCloneApp.release.xcconfig */;
			buildSettings = {
				ASSETCATALOG_COMPILER_APPICON_NAME = AppIcon;
				ASSETCATALOG_COMPILER_GLOBAL_ACCENT_COLOR_NAME = AccentColor;
				CODE_SIGN_STYLE = Automatic;
				CURRENT_PROJECT_VERSION = 1;
				DEVELOPMENT_TEAM = ARQ22Y2Z2Z;
				GENERATE_INFOPLIST_FILE = YES;
				INFOPLIST_FILE = TwitterCloneApp/Resources/Info.plist;
				INFOPLIST_KEY_UIApplicationSupportsIndirectInputEvents = YES;
				INFOPLIST_KEY_UILaunchStoryboardName = LaunchScreen;
				INFOPLIST_KEY_UISupportedInterfaceOrientations_iPad = "UIInterfaceOrientationPortrait UIInterfaceOrientationPortraitUpsideDown UIInterfaceOrientationLandscapeLeft UIInterfaceOrientationLandscapeRight";
				INFOPLIST_KEY_UISupportedInterfaceOrientations_iPhone = "UIInterfaceOrientationPortrait UIInterfaceOrientationLandscapeLeft UIInterfaceOrientationLandscapeRight";
				LD_RUNPATH_SEARCH_PATHS = (
					"$(inherited)",
					"@executable_path/Frameworks",
				);
				MARKETING_VERSION = 1.0;
				PRODUCT_BUNDLE_IDENTIFIER = com.NamikNamazov.TwitterCloneApp;
				PRODUCT_NAME = "$(TARGET_NAME)";
				SWIFT_EMIT_LOC_STRINGS = YES;
				SWIFT_VERSION = 5.0;
				TARGETED_DEVICE_FAMILY = "1,2";
			};
			name = Release;
		};
/* End XCBuildConfiguration section */

/* Begin XCConfigurationList section */
		99306ABE286C37EB00D7ACA4 /* Build configuration list for PBXProject "TwitterCloneApp" */ = {
			isa = XCConfigurationList;
			buildConfigurations = (
				99306AD5286C37ED00D7ACA4 /* Debug */,
				99306AD6286C37ED00D7ACA4 /* Release */,
			);
			defaultConfigurationIsVisible = 0;
			defaultConfigurationName = Release;
		};
		99306AD7286C37ED00D7ACA4 /* Build configuration list for PBXNativeTarget "TwitterCloneApp" */ = {
			isa = XCConfigurationList;
			buildConfigurations = (
				99306AD8286C37ED00D7ACA4 /* Debug */,
				99306AD9286C37ED00D7ACA4 /* Release */,
			);
			defaultConfigurationIsVisible = 0;
			defaultConfigurationName = Release;
		};
/* End XCConfigurationList section */
	};
	rootObject = 99306ABB286C37EB00D7ACA4 /* Project object */;
}
